
Microsoft Visual Studio Solution File, Format Version 12.00
# Visual Studio Version 16
VisualStudioVersion = 16.0.31019.35
MinimumVisualStudioVersion = 10.0.40219.1
Project("{FAE04EC0-301F-11D3-BF4B-00C04F79EFBC}") = "EurofighterInformationCenter", "EurofighterInformationCenter.csproj", "{FE8797A1-A193-4B5D-9447-F68DB1CD5B5C}"
EndProject
Global
	GlobalSection(SolutionConfigurationPlatforms) = preSolution
		Debug|Any CPU = Debug|Any CPU
		Release|Any CPU = Release|Any CPU
	EndGlobalSection
	GlobalSection(ProjectConfigurationPlatforms) = postSolution
		{FE8797A1-A193-4B5D-9447-F68DB1CD5B5C}.Debug|Any CPU.ActiveCfg = Debug|Any CPU
		{FE8797A1-A193-4B5D-9447-F68DB1CD5B5C}.Debug|Any CPU.Build.0 = Debug|Any CPU
		{FE8797A1-A193-4B5D-9447-F68DB1CD5B5C}.Release|Any CPU.ActiveCfg = Release|Any CPU
		{FE8797A1-A193-4B5D-9447-F68DB1CD5B5C}.Release|Any CPU.Build.0 = Release|Any CPU
	EndGlobalSection
	GlobalSection(SolutionProperties) = preSolution
		HideSolutionNode = FALSE
	EndGlobalSection
	GlobalSection(ExtensibilityGlobals) = postSolution
		SolutionGuid = {CCFD5AFE-69C2-42D4-9D77-156DE3C8AF56}
	EndGlobalSection
EndGlobal
